
Microsoft Visual Studio Solution File, Format Version 12.00
# Visual Studio Version 17
VisualStudioVersion = 17.11.35327.3
MinimumVisualStudioVersion = 10.0.40219.1
Project("{FAE04EC0-301F-11D3-BF4B-00C04F79EFBC}") = "E-PRESCRIBING-SYSTEM", "E-PRESCRIBING-SYSTEM.csproj", "{DA8A5E0C-32C1-451A-8ECD-3C2BE2CCAAAC}"
EndProject
Global
	GlobalSection(SolutionConfigurationPlatforms) = preSolution
		Debug|Any CPU = Debug|Any CPU
		Release|Any CPU = Release|Any CPU
	EndGlobalSection
	GlobalSection(ProjectConfigurationPlatforms) = postSolution
		{DA8A5E0C-32C1-451A-8ECD-3C2BE2CCAAAC}.Debug|Any CPU.ActiveCfg = Debug|Any CPU
		{DA8A5E0C-32C1-451A-8ECD-3C2BE2CCAAAC}.Debug|Any CPU.Build.0 = Debug|Any CPU
		{DA8A5E0C-32C1-451A-8ECD-3C2BE2CCAAAC}.Release|Any CPU.ActiveCfg = Release|Any CPU
		{DA8A5E0C-32C1-451A-8ECD-3C2BE2CCAAAC}.Release|Any CPU.Build.0 = Release|Any CPU
	EndGlobalSection
	GlobalSection(SolutionProperties) = preSolution
		HideSolutionNode = FALSE
	EndGlobalSection
	GlobalSection(ExtensibilityGlobals) = postSolution
		SolutionGuid = {16A79CD8-EC6E-480B-807C-79280D447AB9}
	EndGlobalSection
EndGlobal
